
Microsoft Visual Studio Solution File, Format Version 12.00
# Visual Studio Version 17
VisualStudioVersion = 17.0.31903.59
MinimumVisualStudioVersion = 10.0.40219.1
Project("{FAE04EC0-301F-11D3-BF4B-00C04F79EFBC}") = "weatherapp-api", "weatherapp-api.csproj", "{9F7E40CA-E540-95F9-06C0-B1C4AC9275C9}"
EndProject
Global
	GlobalSection(SolutionConfigurationPlatforms) = preSolution
		Debug|Any CPU = Debug|Any CPU
		Release|Any CPU = Release|Any CPU
	EndGlobalSection
	GlobalSection(ProjectConfigurationPlatforms) = postSolution
		{9F7E40CA-E540-95F9-06C0-B1C4AC9275C9}.Debug|Any CPU.ActiveCfg = Debug|Any CPU
		{9F7E40CA-E540-95F9-06C0-B1C4AC9275C9}.Debug|Any CPU.Build.0 = Debug|Any CPU
		{9F7E40CA-E540-95F9-06C0-B1C4AC9275C9}.Release|Any CPU.ActiveCfg = Release|Any CPU
		{9F7E40CA-E540-95F9-06C0-B1C4AC9275C9}.Release|Any CPU.Build.0 = Release|Any CPU
	EndGlobalSection
	GlobalSection(SolutionProperties) = preSolution
		HideSolutionNode = FALSE
	EndGlobalSection
	GlobalSection(ExtensibilityGlobals) = postSolution
		SolutionGuid = {53EB4823-C905-47B5-A632-D6627725C5CE}
	EndGlobalSection
EndGlobal
